
Microsoft Visual Studio Solution File, Format Version 12.00
# Visual Studio Version 17
VisualStudioVersion = 17.7.34024.191
MinimumVisualStudioVersion = 10.0.40219.1
Project("{9A19103F-16F7-4668-BE54-9A1E7A4F7556}") = "RenderAxis", "RenderAxis\RenderAxis.csproj", "{2C14EED4-F8FB-4132-B7C0-47024F303088}"
EndProject
Project("{9A19103F-16F7-4668-BE54-9A1E7A4F7556}") = "RenderAxis.Android", "RenderAxis.Android\RenderAxis.Android.csproj", "{76BA3E72-7CBC-4FFD-9911-BAE107EFC6CD}"
EndProject
Project("{9A19103F-16F7-4668-BE54-9A1E7A4F7556}") = "RenderAxis.Desktop", "RenderAxis.Desktop\RenderAxis.Desktop.csproj", "{586BA8B9-5961-4EFB-AD70-320FD98BDABB}"
EndProject
Project("{9A19103F-16F7-4668-BE54-9A1E7A4F7556}") = "RenderAxis.IOS", "RenderAxis.IOS\RenderAxis.IOS.csproj", "{E362C110-A9FB-46E2-B88A-9798D29AECC0}"
EndProject
Project("{9A19103F-16F7-4668-BE54-9A1E7A4F7556}") = "RenderAxis.Tests", "RenderAxis.Tests\RenderAxis.Tests.csproj", "{C8DF63DE-8D53-4723-AE5C-22C1B930842B}"
EndProject
Project("{FAE04EC0-301F-11D3-BF4B-00C04F79EFBC}") = "RenderAxis.UWP", "RenderAxis.UWP\RenderAxis.UWP.csproj", "{D852480E-1C4C-49AF-BC4A-8C8FFBC5AEB7}"
EndProject
Project("{2150E333-8FDC-42A3-9474-1A3956D46DE8}") = "Solution Items", "Solution Items", "{802C4C4F-3A90-44B0-A6DB-D6EF8AC7A037}"
	ProjectSection(SolutionItems) = preProject
		Directory.Build.props = Directory.Build.props
		.config\dotnet-tools.json = .config\dotnet-tools.json
	EndProjectSection
EndProject
Project("{2150E333-8FDC-42A3-9474-1A3956D46DE8}") = "Tools", "Tools", "{D82AE45E-DEA4-4B99-897B-80FF32460DFF}"
EndProject
Project("{FAE04EC0-301F-11D3-BF4B-00C04F79EFBC}") = "IconUpdater", "Tools\IconUpdater\IconUpdater.csproj", "{2940DEDC-756B-43AE-BAD2-49BFA7D83009}"
EndProject
Global
	GlobalSection(SolutionConfigurationPlatforms) = preSolution
		Debug|Any CPU = Debug|Any CPU
		Debug|ARM64 = Debug|ARM64
		Debug|x64 = Debug|x64
		Release|Any CPU = Release|Any CPU
		Release|ARM64 = Release|ARM64
		Release|x64 = Release|x64
	EndGlobalSection
	GlobalSection(ProjectConfigurationPlatforms) = postSolution
		{2C14EED4-F8FB-4132-B7C0-47024F303088}.Debug|Any CPU.ActiveCfg = Debug|Any CPU
		{2C14EED4-F8FB-4132-B7C0-47024F303088}.Debug|Any CPU.Build.0 = Debug|Any CPU
		{2C14EED4-F8FB-4132-B7C0-47024F303088}.Debug|ARM64.ActiveCfg = Debug|Any CPU
		{2C14EED4-F8FB-4132-B7C0-47024F303088}.Debug|ARM64.Build.0 = Debug|Any CPU
		{2C14EED4-F8FB-4132-B7C0-47024F303088}.Debug|x64.ActiveCfg = Debug|Any CPU
		{2C14EED4-F8FB-4132-B7C0-47024F303088}.Debug|x64.Build.0 = Debug|Any CPU
		{2C14EED4-F8FB-4132-B7C0-47024F303088}.Release|Any CPU.ActiveCfg = Release|Any CPU
		{2C14EED4-F8FB-4132-B7C0-47024F303088}.Release|Any CPU.Build.0 = Release|Any CPU
		{2C14EED4-F8FB-4132-B7C0-47024F303088}.Release|ARM64.ActiveCfg = Release|Any CPU
		{2C14EED4-F8FB-4132-B7C0-47024F303088}.Release|ARM64.Build.0 = Release|Any CPU
		{2C14EED4-F8FB-4132-B7C0-47024F303088}.Release|x64.ActiveCfg = Release|Any CPU
		{2C14EED4-F8FB-4132-B7C0-47024F303088}.Release|x64.Build.0 = Release|Any CPU
		{76BA3E72-7CBC-4FFD-9911-BAE107EFC6CD}.Debug|Any CPU.ActiveCfg = Debug|Any CPU
		{76BA3E72-7CBC-4FFD-9911-BAE107EFC6CD}.Debug|Any CPU.Build.0 = Debug|Any CPU
		{76BA3E72-7CBC-4FFD-9911-BAE107EFC6CD}.Debug|Any CPU.Deploy.0 = Debug|Any CPU
		{76BA3E72-7CBC-4FFD-9911-BAE107EFC6CD}.Debug|ARM64.ActiveCfg = Debug|Any CPU
		{76BA3E72-7CBC-4FFD-9911-BAE107EFC6CD}.Debug|ARM64.Build.0 = Debug|Any CPU
		{76BA3E72-7CBC-4FFD-9911-BAE107EFC6CD}.Debug|ARM64.Deploy.0 = Debug|Any CPU
		{76BA3E72-7CBC-4FFD-9911-BAE107EFC6CD}.Debug|x64.ActiveCfg = Debug|Any CPU
		{76BA3E72-7CBC-4FFD-9911-BAE107EFC6CD}.Debug|x64.Build.0 = Debug|Any CPU
		{76BA3E72-7CBC-4FFD-9911-BAE107EFC6CD}.Debug|x64.Deploy.0 = Debug|Any CPU
		{76BA3E72-7CBC-4FFD-9911-BAE107EFC6CD}.Release|Any CPU.ActiveCfg = Release|Any CPU
		{76BA3E72-7CBC-4FFD-9911-BAE107EFC6CD}.Release|Any CPU.Build.0 = Release|Any CPU
		{76BA3E72-7CBC-4FFD-9911-BAE107EFC6CD}.Release|Any CPU.Deploy.0 = Release|Any CPU
		{76BA3E72-7CBC-4FFD-9911-BAE107EFC6CD}.Release|ARM64.ActiveCfg = Release|Any CPU
		{76BA3E72-7CBC-4FFD-9911-BAE107EFC6CD}.Release|ARM64.Build.0 = Release|Any CPU
		{76BA3E72-7CBC-4FFD-9911-BAE107EFC6CD}.Release|ARM64.Deploy.0 = Release|Any CPU
		{76BA3E72-7CBC-4FFD-9911-BAE107EFC6CD}.Release|x64.ActiveCfg = Release|Any CPU
		{76BA3E72-7CBC-4FFD-9911-BAE107EFC6CD}.Release|x64.Build.0 = Release|Any CPU
		{76BA3E72-7CBC-4FFD-9911-BAE107EFC6CD}.Release|x64.Deploy.0 = Release|Any CPU
		{586BA8B9-5961-4EFB-AD70-320FD98BDABB}.Debug|Any CPU.ActiveCfg = Debug|Any CPU
		{586BA8B9-5961-4EFB-AD70-320FD98BDABB}.Debug|Any CPU.Build.0 = Debug|Any CPU
		{586BA8B9-5961-4EFB-AD70-320FD98BDABB}.Debug|ARM64.ActiveCfg = Debug|Any CPU
		{586BA8B9-5961-4EFB-AD70-320FD98BDABB}.Debug|ARM64.Build.0 = Debug|Any CPU
		{586BA8B9-5961-4EFB-AD70-320FD98BDABB}.Debug|x64.ActiveCfg = Debug|Any CPU
		{586BA8B9-5961-4EFB-AD70-320FD98BDABB}.Debug|x64.Build.0 = Debug|Any CPU
		{586BA8B9-5961-4EFB-AD70-320FD98BDABB}.Release|Any CPU.ActiveCfg = Release|Any CPU
		{586BA8B9-5961-4EFB-AD70-320FD98BDABB}.Release|Any CPU.Build.0 = Release|Any CPU
		{586BA8B9-5961-4EFB-AD70-320FD98BDABB}.Release|ARM64.ActiveCfg = Release|Any CPU
		{586BA8B9-5961-4EFB-AD70-320FD98BDABB}.Release|ARM64.Build.0 = Release|Any CPU
		{586BA8B9-5961-4EFB-AD70-320FD98BDABB}.Release|x64.ActiveCfg = Release|Any CPU
		{586BA8B9-5961-4EFB-AD70-320FD98BDABB}.Release|x64.Build.0 = Release|Any CPU
		{E362C110-A9FB-46E2-B88A-9798D29AECC0}.Debug|Any CPU.ActiveCfg = Debug|Any CPU
		{E362C110-A9FB-46E2-B88A-9798D29AECC0}.Debug|Any CPU.Build.0 = Debug|Any CPU
		{E362C110-A9FB-46E2-B88A-9798D29AECC0}.Debug|Any CPU.Deploy.0 = Debug|Any CPU
		{E362C110-A9FB-46E2-B88A-9798D29AECC0}.Debug|ARM64.ActiveCfg = Debug|Any CPU
		{E362C110-A9FB-46E2-B88A-9798D29AECC0}.Debug|ARM64.Build.0 = Debug|Any CPU
		{E362C110-A9FB-46E2-B88A-9798D29AECC0}.Debug|ARM64.Deploy.0 = Debug|Any CPU
		{E362C110-A9FB-46E2-B88A-9798D29AECC0}.Debug|x64.ActiveCfg = Debug|Any CPU
		{E362C110-A9FB-46E2-B88A-9798D29AECC0}.Debug|x64.Build.0 = Debug|Any CPU
		{E362C110-A9FB-46E2-B88A-9798D29AECC0}.Debug|x64.Deploy.0 = Debug|Any CPU
		{E362C110-A9FB-46E2-B88A-9798D29AECC0}.Release|Any CPU.ActiveCfg = Release|Any CPU
		{E362C110-A9FB-46E2-B88A-9798D29AECC0}.Release|Any CPU.Build.0 = Release|Any CPU
		{E362C110-A9FB-46E2-B88A-9798D29AECC0}.Release|Any CPU.Deploy.0 = Release|Any CPU
		{E362C110-A9FB-46E2-B88A-9798D29AECC0}.Release|ARM64.ActiveCfg = Release|Any CPU
		{E362C110-A9FB-46E2-B88A-9798D29AECC0}.Release|ARM64.Build.0 = Release|Any CPU
		{E362C110-A9FB-46E2-B88A-9798D29AECC0}.Release|ARM64.Deploy.0 = Release|Any CPU
		{E362C110-A9FB-46E2-B88A-9798D29AECC0}.Release|x64.ActiveCfg = Release|Any CPU
		{E362C110-A9FB-46E2-B88A-9798D29AECC0}.Release|x64.Build.0 = Release|Any CPU
		{E362C110-A9FB-46E2-B88A-9798D29AECC0}.Release|x64.Deploy.0 = Release|Any CPU
		{C8DF63DE-8D53-4723-AE5C-22C1B930842B}.Debug|Any CPU.ActiveCfg = Debug|Any CPU
		{C8DF63DE-8D53-4723-AE5C-22C1B930842B}.Debug|Any CPU.Build.0 = Debug|Any CPU
		{C8DF63DE-8D53-4723-AE5C-22C1B930842B}.Debug|ARM64.ActiveCfg = Debug|Any CPU
		{C8DF63DE-8D53-4723-AE5C-22C1B930842B}.Debug|ARM64.Build.0 = Debug|Any CPU
		{C8DF63DE-8D53-4723-AE5C-22C1B930842B}.Debug|x64.ActiveCfg = Debug|Any CPU
		{C8DF63DE-8D53-4723-AE5C-22C1B930842B}.Debug|x64.Build.0 = Debug|Any CPU
		{C8DF63DE-8D53-4723-AE5C-22C1B930842B}.Release|Any CPU.ActiveCfg = Release|Any CPU
		{C8DF63DE-8D53-4723-AE5C-22C1B930842B}.Release|Any CPU.Build.0 = Release|Any CPU
		{C8DF63DE-8D53-4723-AE5C-22C1B930842B}.Release|ARM64.ActiveCfg = Release|Any CPU
		{C8DF63DE-8D53-4723-AE5C-22C1B930842B}.Release|ARM64.Build.0 = Release|Any CPU
		{C8DF63DE-8D53-4723-AE5C-22C1B930842B}.Release|x64.ActiveCfg = Release|Any CPU
		{C8DF63DE-8D53-4723-AE5C-22C1B930842B}.Release|x64.Build.0 = Release|Any CPU
		{D852480E-1C4C-49AF-BC4A-8C8FFBC5AEB7}.Debug|Any CPU.ActiveCfg = Debug|Any CPU
		{D852480E-1C4C-49AF-BC4A-8C8FFBC5AEB7}.Debug|Any CPU.Build.0 = Debug|Any CPU
		{D852480E-1C4C-49AF-BC4A-8C8FFBC5AEB7}.Debug|Any CPU.Deploy.0 = Debug|Any CPU
		{D852480E-1C4C-49AF-BC4A-8C8FFBC5AEB7}.Debug|ARM64.ActiveCfg = Debug|ARM64
		{D852480E-1C4C-49AF-BC4A-8C8FFBC5AEB7}.Debug|ARM64.Build.0 = Debug|ARM64
		{D852480E-1C4C-49AF-BC4A-8C8FFBC5AEB7}.Debug|ARM64.Deploy.0 = Debug|ARM64
		{D852480E-1C4C-49AF-BC4A-8C8FFBC5AEB7}.Debug|x64.ActiveCfg = Debug|x64
		{D852480E-1C4C-49AF-BC4A-8C8FFBC5AEB7}.Debug|x64.Build.0 = Debug|x64
		{D852480E-1C4C-49AF-BC4A-8C8FFBC5AEB7}.Debug|x64.Deploy.0 = Debug|x64
		{D852480E-1C4C-49AF-BC4A-8C8FFBC5AEB7}.Release|Any CPU.ActiveCfg = Release|Any CPU
		{D852480E-1C4C-49AF-BC4A-8C8FFBC5AEB7}.Release|Any CPU.Build.0 = Release|Any CPU
		{D852480E-1C4C-49AF-BC4A-8C8FFBC5AEB7}.Release|Any CPU.Deploy.0 = Release|Any CPU
		{D852480E-1C4C-49AF-BC4A-8C8FFBC5AEB7}.Release|ARM64.ActiveCfg = Release|ARM64
		{D852480E-1C4C-49AF-BC4A-8C8FFBC5AEB7}.Release|ARM64.Build.0 = Release|ARM64
		{D852480E-1C4C-49AF-BC4A-8C8FFBC5AEB7}.Release|ARM64.Deploy.0 = Release|ARM64
		{D852480E-1C4C-49AF-BC4A-8C8FFBC5AEB7}.Release|x64.ActiveCfg = Release|x64
		{D852480E-1C4C-49AF-BC4A-8C8FFBC5AEB7}.Release|x64.Build.0 = Release|x64
		{D852480E-1C4C-49AF-BC4A-8C8FFBC5AEB7}.Release|x64.Deploy.0 = Release|x64
		{2940DEDC-756B-43AE-BAD2-49BFA7D83009}.Debug|Any CPU.ActiveCfg = Debug|Any CPU
		{2940DEDC-756B-43AE-BAD2-49BFA7D83009}.Debug|Any CPU.Build.0 = Debug|Any CPU
		{2940DEDC-756B-43AE-BAD2-49BFA7D83009}.Debug|ARM64.ActiveCfg = Debug|Any CPU
		{2940DEDC-756B-43AE-BAD2-49BFA7D83009}.Debug|ARM64.Build.0 = Debug|Any CPU
		{2940DEDC-756B-43AE-BAD2-49BFA7D83009}.Debug|x64.ActiveCfg = Debug|Any CPU
		{2940DEDC-756B-43AE-BAD2-49BFA7D83009}.Debug|x64.Build.0 = Debug|Any CPU
		{2940DEDC-756B-43AE-BAD2-49BFA7D83009}.Release|Any CPU.ActiveCfg = Release|Any CPU
		{2940DEDC-756B-43AE-BAD2-49BFA7D83009}.Release|Any CPU.Build.0 = Release|Any CPU
		{2940DEDC-756B-43AE-BAD2-49BFA7D83009}.Release|ARM64.ActiveCfg = Release|Any CPU
		{2940DEDC-756B-43AE-BAD2-49BFA7D83009}.Release|ARM64.Build.0 = Release|Any CPU
		{2940DEDC-756B-43AE-BAD2-49BFA7D83009}.Release|x64.ActiveCfg = Release|Any CPU
		{2940DEDC-756B-43AE-BAD2-49BFA7D83009}.Release|x64.Build.0 = Release|Any CPU
	EndGlobalSection
	GlobalSection(SolutionProperties) = preSolution
		HideSolutionNode = FALSE
	EndGlobalSection
	GlobalSection(NestedProjects) = preSolution
		{2940DEDC-756B-43AE-BAD2-49BFA7D83009} = {D82AE45E-DEA4-4B99-897B-80FF32460DFF}
	EndGlobalSection
	GlobalSection(ExtensibilityGlobals) = postSolution
		SolutionGuid = {DFC4B6F7-CE69-4022-B783-EB634FF510C9}
	EndGlobalSection
EndGlobal
